PODS:
  - MASFoundation (2.1.00)
  - MASProximity (2.1.00):
    - MASFoundation (= 2.1.00)
  - MASUI (2.1.00):
    - MASFoundation (= 2.1.00)
    - MASProximity (= 2.1.00)

DEPENDENCIES:
  - MASFoundation (~> 2.1.00)
  - MASUI (~> 2.1.00)

SPEC REPOS:
  https://github.com/CocoaPods/Specs.git:
    - MASFoundation
    - MASProximity
    - MASUI

SPEC CHECKSUMS:
  MASFoundation: a9e305f6abc4067b183038c23d77b48fe21be0e3
  MASProximity: ef32ecf0240454c2669a970a847ac7d0601c7cba
  MASUI: 37bd656aa49b4c4b0f54396cea96df8de41dd25a

PODFILE CHECKSUM: 0c9a38b0e21a9f0dc0d39981b938c13bd04faae5

COCOAPODS: 1.10.2
