PODS:
  - MASFoundation (1.7.00)
  - MASUI (1.7.00):
    - MASFoundation (= 1.7.00)

DEPENDENCIES:
  - MASFoundation (~> 1.7.00)
  - MASUI (~> 1.7.00)

SPEC REPOS:
  https://github.com/cocoapods/specs.git:
    - MASFoundation
    - MASUI

SPEC CHECKSUMS:
  MASFoundation: 3046f2c87969f840fddd2e44e23536ed47165fbd
  MASUI: a9d3521170c7d97c36b2c8f4336e536f9a6ed384

PODFILE CHECKSUM: c89a7488dc3798deea9e8ae4bc241ef8d613cace

COCOAPODS: 1.5.3
